
Microsoft Visual Studio Solution File, Format Version 12.00
# Visual Studio 2013
VisualStudioVersion = 12.0.31101.0
MinimumVisualStudioVersion = 10.0.40219.1
Project("{FAE04EC0-301F-11D3-BF4B-00C04F79EFBC}") = "TernaryConverter", "TernaryConverter\TernaryConverter.csproj", "{1FFE1E41-8802-4C77-A82E-057DA77F2AA0}"
EndProject
Project("{FAE04EC0-301F-11D3-BF4B-00C04F79EFBC}") = "TernaryCalculator.Framework", "TernaryCalculator.Framework\TernaryCalculator.Framework.csproj", "{79860905-D40C-4361-814E-A89C755A64B7}"
EndProject
Project("{FAE04EC0-301F-11D3-BF4B-00C04F79EFBC}") = "TestApplication", "TestApplication\TestApplication.csproj", "{4AB5B173-2C9A-4CD7-A12A-C08E42DF5359}"
EndProject
Project("{FAE04EC0-301F-11D3-BF4B-00C04F79EFBC}") = "TernaryCalculator", "TernaryCalculator\TernaryCalculator.csproj", "{A1BAA6FE-4555-46FF-BC7A-C76C5092C2C6}"
EndProject
Global
	GlobalSection(SolutionConfigurationPlatforms) = preSolution
		Debug|Any CPU = Debug|Any CPU
		Release|Any CPU = Release|Any CPU
	EndGlobalSection
	GlobalSection(ProjectConfigurationPlatforms) = postSolution
		{1FFE1E41-8802-4C77-A82E-057DA77F2AA0}.Debug|Any CPU.ActiveCfg = Debug|Any CPU
		{1FFE1E41-8802-4C77-A82E-057DA77F2AA0}.Debug|Any CPU.Build.0 = Debug|Any CPU
		{1FFE1E41-8802-4C77-A82E-057DA77F2AA0}.Release|Any CPU.ActiveCfg = Release|Any CPU
		{1FFE1E41-8802-4C77-A82E-057DA77F2AA0}.Release|Any CPU.Build.0 = Release|Any CPU
		{79860905-D40C-4361-814E-A89C755A64B7}.Debug|Any CPU.ActiveCfg = Debug|Any CPU
		{79860905-D40C-4361-814E-A89C755A64B7}.Debug|Any CPU.Build.0 = Debug|Any CPU
		{79860905-D40C-4361-814E-A89C755A64B7}.Release|Any CPU.ActiveCfg = Release|Any CPU
		{79860905-D40C-4361-814E-A89C755A64B7}.Release|Any CPU.Build.0 = Release|Any CPU
		{4AB5B173-2C9A-4CD7-A12A-C08E42DF5359}.Debug|Any CPU.ActiveCfg = Debug|Any CPU
		{4AB5B173-2C9A-4CD7-A12A-C08E42DF5359}.Debug|Any CPU.Build.0 = Debug|Any CPU
		{4AB5B173-2C9A-4CD7-A12A-C08E42DF5359}.Release|Any CPU.ActiveCfg = Release|Any CPU
		{4AB5B173-2C9A-4CD7-A12A-C08E42DF5359}.Release|Any CPU.Build.0 = Release|Any CPU
		{A1BAA6FE-4555-46FF-BC7A-C76C5092C2C6}.Debug|Any CPU.ActiveCfg = Debug|Any CPU
		{A1BAA6FE-4555-46FF-BC7A-C76C5092C2C6}.Debug|Any CPU.Build.0 = Debug|Any CPU
		{A1BAA6FE-4555-46FF-BC7A-C76C5092C2C6}.Release|Any CPU.ActiveCfg = Release|Any CPU
		{A1BAA6FE-4555-46FF-BC7A-C76C5092C2C6}.Release|Any CPU.Build.0 = Release|Any CPU
	EndGlobalSection
	GlobalSection(SolutionProperties) = preSolution
		HideSolutionNode = FALSE
	EndGlobalSection
EndGlobal
